
Microsoft Visual Studio Solution File, Format Version 12.00
# Visual Studio Version 16
VisualStudioVersion = 16.0.30114.105
MinimumVisualStudioVersion = 10.0.40219.1
Project("{FAE04EC0-301F-11D3-BF4B-00C04F79EFBC}") = "MSAdatabase", "MSAdatabase\MSAdatabase.csproj", "{A5C99025-A90B-4D50-A68F-FB8F99ED4D9E}"
EndProject
Global
	GlobalSection(SolutionConfigurationPlatforms) = preSolution
		Debug|Any CPU = Debug|Any CPU
		Release|Any CPU = Release|Any CPU
	EndGlobalSection
	GlobalSection(ProjectConfigurationPlatforms) = postSolution
		{A5C99025-A90B-4D50-A68F-FB8F99ED4D9E}.Debug|Any CPU.ActiveCfg = Debug|Any CPU
		{A5C99025-A90B-4D50-A68F-FB8F99ED4D9E}.Debug|Any CPU.Build.0 = Debug|Any CPU
		{A5C99025-A90B-4D50-A68F-FB8F99ED4D9E}.Release|Any CPU.ActiveCfg = Release|Any CPU
		{A5C99025-A90B-4D50-A68F-FB8F99ED4D9E}.Release|Any CPU.Build.0 = Release|Any CPU
	EndGlobalSection
	GlobalSection(SolutionProperties) = preSolution
		HideSolutionNode = FALSE
	EndGlobalSection
	GlobalSection(ExtensibilityGlobals) = postSolution
		SolutionGuid = {CD75F8D7-5E56-4785-8211-875B2049E150}
	EndGlobalSection
EndGlobal
